
Microsoft Visual Studio Solution File, Format Version 12.00
# Visual Studio Version 17
VisualStudioVersion = 17.14.36408.4 d17.14
MinimumVisualStudioVersion = 10.0.40219.1
Project("{FAE04EC0-301F-11D3-BF4B-00C04F79EFBC}") = "Area", "Area\Area.csproj", "{55C7CE41-4851-41C9-A0E7-1F91D2A2196A}"
EndProject
Global
	GlobalSection(SolutionConfigurationPlatforms) = preSolution
		Debug|Any CPU = Debug|Any CPU
		Release|Any CPU = Release|Any CPU
	EndGlobalSection
	GlobalSection(ProjectConfigurationPlatforms) = postSolution
		{55C7CE41-4851-41C9-A0E7-1F91D2A2196A}.Debug|Any CPU.ActiveCfg = Debug|Any CPU
		{55C7CE41-4851-41C9-A0E7-1F91D2A2196A}.Debug|Any CPU.Build.0 = Debug|Any CPU
		{55C7CE41-4851-41C9-A0E7-1F91D2A2196A}.Release|Any CPU.ActiveCfg = Release|Any CPU
		{55C7CE41-4851-41C9-A0E7-1F91D2A2196A}.Release|Any CPU.Build.0 = Release|Any CPU
	EndGlobalSection
	GlobalSection(SolutionProperties) = preSolution
		HideSolutionNode = FALSE
	EndGlobalSection
	GlobalSection(ExtensibilityGlobals) = postSolution
		SolutionGuid = {2D9F7943-E02C-4781-A238-B59B903A4FDF}
	EndGlobalSection
EndGlobal
